// !$*UTF8*$!
{
	archiveVersion = 1;
	classes = {
	};
	objectVersion = 55;
	objects = {

/* Begin PBXBuildFile section */
		3038C69C27B9975700663D87 /* AppDelegate.swift in Sources */ = {isa = PBXBuildFile; fileRef = 3038C69B27B9975700663D87 /* AppDelegate.swift */; };
		3038C69E27B9975700663D87 /* SceneDelegate.swift in Sources */ = {isa = PBXBuildFile; fileRef = 3038C69D27B9975700663D87 /* SceneDelegate.swift */; };
		3038C6A027B9975700663D87 /* ViewController.swift in Sources */ = {isa = PBXBuildFile; fileRef = 3038C69F27B9975700663D87 /* ViewController.swift */; };
		3038C6A327B9975700663D87 /* Main.storyboard in Resources */ = {isa = PBXBuildFile; fileRef = 3038C6A127B9975700663D87 /* Main.storyboard */; };
		3038C6A527B9975900663D87 /* Assets.xcassets in Resources */ = {isa = PBXBuildFile; fileRef = 3038C6A427B9975900663D87 /* Assets.xcassets */; };
		3038C6A827B9975900663D87 /* LaunchScreen.storyboard in Resources */ = {isa = PBXBuildFile; fileRef = 3038C6A627B9975900663D87 /* LaunchScreen.storyboard */; };
		3038C6B827BAFC4900663D87 /* ImageCollectionViewCell.swift in Sources */ = {isa = PBXBuildFile; fileRef = 3038C6B727BAFC4900663D87 /* ImageCollectionViewCell.swift */; };
		3038C6BB27BAFFC000663D87 /* DestaquePageViewController.swift in Sources */ = {isa = PBXBuildFile; fileRef = 3038C6B927BAFFC000663D87 /* DestaquePageViewController.swift */; };
		3038C6BC27BAFFC000663D87 /* DestaquePageViewController.xib in Resources */ = {isa = PBXBuildFile; fileRef = 3038C6BA27BAFFC000663D87 /* DestaquePageViewController.xib */; };
/* End PBXBuildFile section */

/* Begin PBXFileReference section */
		3038C69827B9975700663D87 /* AvaliacaoBecaIOS.app */ = {isa = PBXFileReference; explicitFileType = wrapper.application; includeInIndex = 0; path = AvaliacaoBecaIOS.app; sourceTree = BUILT_PRODUCTS_DIR; };
		3038C69B27B9975700663D87 /* AppDelegate.swift */ = {isa = PBXFileReference; lastKnownFileType = sourcecode.swift; path = AppDelegate.swift; sourceTree = "<group>"; };
		3038C69D27B9975700663D87 /* SceneDelegate.swift */ = {isa = PBXFileReference; lastKnownFileType = sourcecode.swift; path = SceneDelegate.swift; sourceTree = "<group>"; };
		3038C69F27B9975700663D87 /* ViewController.swift */ = {isa = PBXFileReference; lastKnownFileType = sourcecode.swift; path = ViewController.swift; sourceTree = "<group>"; };
		3038C6A227B9975700663D87 /* Base */ = {isa = PBXFileReference; lastKnownFileType = file.storyboard; name = Base; path = Base.lproj/Main.storyboard; sourceTree = "<group>"; };
		3038C6A427B9975900663D87 /* Assets.xcassets */ = {isa = PBXFileReference; lastKnownFileType = folder.assetcatalog; path = Assets.xcassets; sourceTree = "<group>"; };
		3038C6A727B9975900663D87 /* Base */ = {isa = PBXFileReference; lastKnownFileType = file.storyboard; name = Base; path = Base.lproj/LaunchScreen.storyboard; sourceTree = "<group>"; };
		3038C6A927B9975900663D87 /* Info.plist */ = {isa = PBXFileReference; lastKnownFileType = text.plist.xml; path = Info.plist; sourceTree = "<group>"; };
		3038C6B727BAFC4900663D87 /* ImageCollectionViewCell.swift */ = {isa = PBXFileReference; lastKnownFileType = sourcecode.swift; path = ImageCollectionViewCell.swift; sourceTree = "<group>"; };
		3038C6B927BAFFC000663D87 /* DestaquePageViewController.swift */ = {isa = PBXFileReference; lastKnownFileType = sourcecode.swift; path = DestaquePageViewController.swift; sourceTree = "<group>"; };
		3038C6BA27BAFFC000663D87 /* DestaquePageViewController.xib */ = {isa = PBXFileReference; lastKnownFileType = file.xib; path = DestaquePageViewController.xib; sourceTree = "<group>"; };
/* End PBXFileReference section */

/* Begin PBXFrameworksBuildPhase section */
		3038C69527B9975700663D87 /* Frameworks */ = {
			isa = PBXFrameworksBuildPhase;
			buildActionMask = 2147483647;
			files = (
			);
			runOnlyForDeploymentPostprocessing = 0;
		};
/* End PBXFrameworksBuildPhase section */

/* Begin PBXGroup section */
		3038C68F27B9975700663D87 = {
			isa = PBXGroup;
			children = (
				3038C69A27B9975700663D87 /* AvaliacaoBecaIOS */,
				3038C69927B9975700663D87 /* Products */,
			);
			sourceTree = "<group>";
		};
		3038C69927B9975700663D87 /* Products */ = {
			isa = PBXGroup;
			children = (
				3038C69827B9975700663D87 /* AvaliacaoBecaIOS.app */,
			);
			name = Products;
			sourceTree = "<group>";
		};
		3038C69A27B9975700663D87 /* AvaliacaoBecaIOS */ = {
			isa = PBXGroup;
			children = (
				3038C69B27B9975700663D87 /* AppDelegate.swift */,
				3038C69D27B9975700663D87 /* SceneDelegate.swift */,
				3038C69F27B9975700663D87 /* ViewController.swift */,
				3038C6B727BAFC4900663D87 /* ImageCollectionViewCell.swift */,
				3038C6A127B9975700663D87 /* Main.storyboard */,
				3038C6BA27BAFFC000663D87 /* DestaquePageViewController.xib */,
				3038C6B927BAFFC000663D87 /* DestaquePageViewController.swift */,
				3038C6A427B9975900663D87 /* Assets.xcassets */,
				3038C6A627B9975900663D87 /* LaunchScreen.storyboard */,
				3038C6A927B9975900663D87 /* Info.plist */,
			);
			path = AvaliacaoBecaIOS;
			sourceTree = "<group>";
		};
/* End PBXGroup section */

/* Begin PBXNativeTarget section */
		3038C69727B9975700663D87 /* AvaliacaoBecaIOS */ = {
			isa = PBXNativeTarget;
			buildConfigurationList = 3038C6AC27B9975900663D87 /* Build configuration list for PBXNativeTarget "AvaliacaoBecaIOS" */;
			buildPhases = (
				3038C69427B9975700663D87 /* Sources */,
				3038C69527B9975700663D87 /* Frameworks */,
				3038C69627B9975700663D87 /* Resources */,
			);
			buildRules = (
			);
			dependencies = (
			);
			name = AvaliacaoBecaIOS;
			productName = AvaliacaoBecaIOS;
			productReference = 3038C69827B9975700663D87 /* AvaliacaoBecaIOS.app */;
			productType = "com.apple.product-type.application";
		};
/* End PBXNativeTarget section */

/* Begin PBXProject section */
		3038C69027B9975700663D87 /* Project object */ = {
			isa = PBXProject;
			attributes = {
				BuildIndependentTargetsInParallel = 1;
				LastSwiftUpdateCheck = 1320;
				LastUpgradeCheck = 1320;
				TargetAttributes = {
					3038C69727B9975700663D87 = {
						CreatedOnToolsVersion = 13.2.1;
					};
				};
			};
			buildConfigurationList = 3038C69327B9975700663D87 /* Build configuration list for PBXProject "AvaliacaoBecaIOS" */;
			compatibilityVersion = "Xcode 13.0";
			developmentRegion = en;
			hasScannedForEncodings = 0;
			knownRegions = (
				en,
				Base,
			);
			mainGroup = 3038C68F27B9975700663D87;
			productRefGroup = 3038C69927B9975700663D87 /* Products */;
			projectDirPath = "";
			projectRoot = "";
			targets = (
				3038C69727B9975700663D87 /* AvaliacaoBecaIOS */,
			);
		};
/* End PBXProject section */

/* Begin PBXResourcesBuildPhase section */
		3038C69627B9975700663D87 /* Resources */ = {
			isa = PBXResourcesBuildPhase;
			buildActionMask = 2147483647;
			files = (
				3038C6A827B9975900663D87 /* LaunchScreen.storyboard in Resources */,
				3038C6A527B9975900663D87 /* Assets.xcassets in Resources */,
				3038C6A327B9975700663D87 /* Main.storyboard in Resources */,
				3038C6BC27BAFFC000663D87 /* DestaquePageViewController.xib in Resources */,
			);
			runOnlyForDeploymentPostprocessing = 0;
		};
/* End PBXResourcesBuildPhase section */

/* Begin PBXSourcesBuildPhase section */
		3038C69427B9975700663D87 /* Sources */ = {
			isa = PBXSourcesBuildPhase;
			buildActionMask = 2147483647;
			files = (
				3038C6BB27BAFFC000663D87 /* DestaquePageViewController.swift in Sources */,
				3038C6A027B9975700663D87 /* ViewController.swift in Sources */,
				3038C69C27B9975700663D87 /* AppDelegate.swift in Sources */,
				3038C6B827BAFC4900663D87 /* ImageCollectionViewCell.swift in Sources */,
				3038C69E27B9975700663D87 /* SceneDelegate.swift in Sources */,
			);
			runOnlyForDeploymentPostprocessing = 0;
		};
/* End PBXSourcesBuildPhase section */

/* Begin PBXVariantGroup section */
		3038C6A127B9975700663D87 /* Main.storyboard */ = {
			isa = PBXVariantGroup;
			children = (
				3038C6A227B9975700663D87 /* Base */,
			);
			name = Main.storyboard;
			sourceTree = "<group>";
		};
		3038C6A627B9975900663D87 /* LaunchScreen.storyboard */ = {
			isa = PBXVariantGroup;
			children = (
				3038C6A727B9975900663D87 /* Base */,
			);
			name = LaunchScreen.storyboard;
			sourceTree = "<group>";
		};
/* End PBXVariantGroup section */

/* Begin XCBuildConfiguration section */
		3038C6AA27B9975900663D87 /* Debug */ = {
			isa = XCBuildConfiguration;
			buildSettings = {
				ALWAYS_SEARCH_USER_PATHS = NO;
				CLANG_ANALYZER_NONNULL = YES;
				CLANG_ANALYZER_NUMBER_OBJECT_CONVERSION = YES_AGGRESSIVE;
				CLANG_CXX_LANGUAGE_STANDARD = "gnu++17";
				CLANG_CXX_LIBRARY = "libc++";
				CLANG_ENABLE_MODULES = YES;
				CLANG_ENABLE_OBJC_ARC = YES;
				CLANG_ENABLE_OBJC_WEAK = YES;
				CLANG_WARN_BLOCK_CAPTURE_AUTORELEASING = YES;
				CLANG_WARN_BOOL_CONVERSION = YES;
				CLANG_WARN_COMMA = YES;
				CLANG_WARN_CONSTANT_CONVERSION = YES;
				CLANG_WARN_DEPRECATED_OBJC_IMPLEMENTATIONS = YES;
				CLANG_WARN_DIRECT_OBJC_ISA_USAGE = YES_ERROR;
				CLANG_WARN_DOCUMENTATION_COMMENTS = YES;
				CLANG_WARN_EMPTY_BODY = YES;
				CLANG_WARN_ENUM_CONVERSION = YES;
				CLANG_WARN_INFINITE_RECURSION = YES;
				CLANG_WARN_INT_CONVERSION = YES;
				CLANG_WARN_NON_LITERAL_NULL_CONVERSION = YES;
				CLANG_WARN_OBJC_IMPLICIT_RETAIN_SELF = YES;
				CLANG_WARN_OBJC_LITERAL_CONVERSION = YES;
				CLANG_WARN_OBJC_ROOT_CLASS = YES_ERROR;
				CLANG_WARN_QUOTED_INCLUDE_IN_FRAMEWORK_HEADER = YES;
				CLANG_WARN_RANGE_LOOP_ANALYSIS = YES;
				CLANG_WARN_STRICT_PROTOTYPES = YES;
				CLANG_WARN_SUSPICIOUS_MOVE = YES;
				CLANG_WARN_UNGUARDED_AVAILABILITY = YES_AGGRESSIVE;
				CLANG_WARN_UNREACHABLE_CODE = YES;
				CLANG_WARN__DUPLICATE_METHOD_MATCH = YES;
				COPY_PHASE_STRIP = NO;
				DEBUG_INFORMATION_FORMAT = dwarf;
				ENABLE_STRICT_OBJC_MSGSEND = YES;
				ENABLE_TESTABILITY = YES;
				GCC_C_LANGUAGE_STANDARD = gnu11;
				GCC_DYNAMIC_NO_PIC = NO;
				GCC_NO_COMMON_BLOCKS = YES;
				GCC_OPTIMIZATION_LEVEL = 0;
				GCC_PREPROCESSOR_DEFINITIONS = (
					"DEBUG=1",
					"$(inherited)",
				);
				GCC_WARN_64_TO_32_BIT_CONVERSION = YES;
				GCC_WARN_ABOUT_RETURN_TYPE = YES_ERROR;
				GCC_WARN_UNDECLARED_SELECTOR = YES;
				GCC_WARN_UNINITIALIZED_AUTOS = YES_AGGRESSIVE;
				GCC_WARN_UNUSED_FUNCTION = YES;
				GCC_WARN_UNUSED_VARIABLE = YES;
				IPHONEOS_DEPLOYMENT_TARGET = 15.2;
				MTL_ENABLE_DEBUG_INFO = INCLUDE_SOURCE;
				MTL_FAST_MATH = YES;
				ONLY_ACTIVE_ARCH = YES;
				SDKROOT = iphoneos;
				SWIFT_ACTIVE_COMPILATION_CONDITIONS = DEBUG;
				SWIFT_OPTIMIZATION_LEVEL = "-Onone";
			};
			name = Debug;
		};
		3038C6AB27B9975900663D87 /* Release */ = {
			isa = XCBuildConfiguration;
			buildSettings = {
				ALWAYS_SEARCH_USER_PATHS = NO;
				CLANG_ANALYZER_NONNULL = YES;
				CLANG_ANALYZER_NUMBER_OBJECT_CONVERSION = YES_AGGRESSIVE;
				CLANG_CXX_LANGUAGE_STANDARD = "gnu++17";
				CLANG_CXX_LIBRARY = "libc++";
				CLANG_ENABLE_MODULES = YES;
				CLANG_ENABLE_OBJC_ARC = YES;
				CLANG_ENABLE_OBJC_WEAK = YES;
				CLANG_WARN_BLOCK_CAPTURE_AUTORELEASING = YES;
				CLANG_WARN_BOOL_CONVERSION = YES;
				CLANG_WARN_COMMA = YES;
				CLANG_WARN_CONSTANT_CONVERSION = YES;
				CLANG_WARN_DEPRECATED_OBJC_IMPLEMENTATIONS = YES;
				CLANG_WARN_DIRECT_OBJC_ISA_USAGE = YES_ERROR;
				CLANG_WARN_DOCUMENTATION_COMMENTS = YES;
				CLANG_WARN_EMPTY_BODY = YES;
				CLANG_WARN_ENUM_CONVERSION = YES;
				CLANG_WARN_INFINITE_RECURSION = YES;
				CLANG_WARN_INT_CONVERSION = YES;
				CLANG_WARN_NON_LITERAL_NULL_CONVERSION = YES;
				CLANG_WARN_OBJC_IMPLICIT_RETAIN_SELF = YES;
				CLANG_WARN_OBJC_LITERAL_CONVERSION = YES;
				CLANG_WARN_OBJC_ROOT_CLASS = YES_ERROR;
				CLANG_WARN_QUOTED_INCLUDE_IN_FRAMEWORK_HEADER = YES;
				CLANG_WARN_RANGE_LOOP_ANALYSIS = YES;
				CLANG_WARN_STRICT_PROTOTYPES = YES;
				CLANG_WARN_SUSPICIOUS_MOVE = YES;
				CLANG_WARN_UNGUARDED_AVAILABILITY = YES_AGGRESSIVE;
				CLANG_WARN_UNREACHABLE_CODE = YES;
				CLANG_WARN__DUPLICATE_METHOD_MATCH = YES;
				COPY_PHASE_STRIP = NO;
				DEBUG_INFORMATION_FORMAT = "dwarf-with-dsym";
				ENABLE_NS_ASSERTIONS = NO;
				ENABLE_STRICT_OBJC_MSGSEND = YES;
				GCC_C_LANGUAGE_STANDARD = gnu11;
				GCC_NO_COMMON_BLOCKS = YES;
				GCC_WARN_64_TO_32_BIT_CONVERSION = YES;
				GCC_WARN_ABOUT_RETURN_TYPE = YES_ERROR;
				GCC_WARN_UNDECLARED_SELECTOR = YES;
				GCC_WARN_UNINITIALIZED_AUTOS = YES_AGGRESSIVE;
				GCC_WARN_UNUSED_FUNCTION = YES;
				GCC_WARN_UNUSED_VARIABLE = YES;
				IPHONEOS_DEPLOYMENT_TARGET = 15.2;
				MTL_ENABLE_DEBUG_INFO = NO;
				MTL_FAST_MATH = YES;
				SDKROOT = iphoneos;
				SWIFT_COMPILATION_MODE = wholemodule;
				SWIFT_OPTIMIZATION_LEVEL = "-O";
				VALIDATE_PRODUCT = YES;
			};
			name = Release;
		};
		3038C6AD27B9975900663D87 /* Debug */ = {
			isa = XCBuildConfiguration;
			buildSettings = {
				ASSETCATALOG_COMPILER_APPICON_NAME = AppIcon;
				ASSETCATALOG_COMPILER_GLOBAL_ACCENT_COLOR_NAME = AccentColor;
				CODE_SIGN_STYLE = Automatic;
				CURRENT_PROJECT_VERSION = 1;
				GENERATE_INFOPLIST_FILE = YES;
				INFOPLIST_FILE = AvaliacaoBecaIOS/Info.plist;
				INFOPLIST_KEY_UIApplicationSupportsIndirectInputEvents = YES;
				INFOPLIST_KEY_UILaunchStoryboardName = LaunchScreen;
				INFOPLIST_KEY_UIMainStoryboardFile = Main;
				INFOPLIST_KEY_UISupportedInterfaceOrientations_iPad = "UIInterfaceOrientationPortrait UIInterfaceOrientationPortraitUpsideDown UIInterfaceOrientationLandscapeLeft UIInterfaceOrientationLandscapeRight";
				INFOPLIST_KEY_UISupportedInterfaceOrientations_iPhone = "UIInterfaceOrientationPortrait UIInterfaceOrientationLandscapeLeft UIInterfaceOrientationLandscapeRight";
				LD_RUNPATH_SEARCH_PATHS = (
					"$(inherited)",
					"@executable_path/Frameworks",
				);
				MARKETING_VERSION = 1.0;
				PRODUCT_BUNDLE_IDENTIFIER = br.com.nttdataestagio.AvaliacaoBecaIOS;
				PRODUCT_NAME = "$(TARGET_NAME)";
				SWIFT_EMIT_LOC_STRINGS = YES;
				SWIFT_VERSION = 5.0;
				TARGETED_DEVICE_FAMILY = "1,2";
			};
			name = Debug;
		};
		3038C6AE27B9975900663D87 /* Release */ = {
			isa = XCBuildConfiguration;
			buildSettings = {
				ASSETCATALOG_COMPILER_APPICON_NAME = AppIcon;
				ASSETCATALOG_COMPILER_GLOBAL_ACCENT_COLOR_NAME = AccentColor;
				CODE_SIGN_STYLE = Automatic;
				CURRENT_PROJECT_VERSION = 1;
				GENERATE_INFOPLIST_FILE = YES;
				INFOPLIST_FILE = AvaliacaoBecaIOS/Info.plist;
				INFOPLIST_KEY_UIApplicationSupportsIndirectInputEvents = YES;
				INFOPLIST_KEY_UILaunchStoryboardName = LaunchScreen;
				INFOPLIST_KEY_UIMainStoryboardFile = Main;
				INFOPLIST_KEY_UISupportedInterfaceOrientations_iPad = "UIInterfaceOrientationPortrait UIInterfaceOrientationPortraitUpsideDown UIInterfaceOrientationLandscapeLeft UIInterfaceOrientationLandscapeRight";
				INFOPLIST_KEY_UISupportedInterfaceOrientations_iPhone = "UIInterfaceOrientationPortrait UIInterfaceOrientationLandscapeLeft UIInterfaceOrientationLandscapeRight";
				LD_RUNPATH_SEARCH_PATHS = (
					"$(inherited)",
					"@executable_path/Frameworks",
				);
				MARKETING_VERSION = 1.0;
				PRODUCT_BUNDLE_IDENTIFIER = br.com.nttdataestagio.AvaliacaoBecaIOS;
				PRODUCT_NAME = "$(TARGET_NAME)";
				SWIFT_EMIT_LOC_STRINGS = YES;
				SWIFT_VERSION = 5.0;
				TARGETED_DEVICE_FAMILY = "1,2";
			};
			name = Release;
		};
/* End XCBuildConfiguration section */

/* Begin XCConfigurationList section */
		3038C69327B9975700663D87 /* Build configuration list for PBXProject "AvaliacaoBecaIOS" */ = {
			isa = XCConfigurationList;
			buildConfigurations = (
				3038C6AA27B9975900663D87 /* Debug */,
				3038C6AB27B9975900663D87 /* Release */,
			);
			defaultConfigurationIsVisible = 0;
			defaultConfigurationName = Release;
		};
		3038C6AC27B9975900663D87 /* Build configuration list for PBXNativeTarget "AvaliacaoBecaIOS" */ = {
			isa = XCConfigurationList;
			buildConfigurations = (
				3038C6AD27B9975900663D87 /* Debug */,
				3038C6AE27B9975900663D87 /* Release */,
			);
			defaultConfigurationIsVisible = 0;
			defaultConfigurationName = Release;
		};
/* End XCConfigurationList section */
	};
	rootObject = 3038C69027B9975700663D87 /* Project object */;
}
